
Microsoft Visual Studio Solution File, Format Version 12.00
# Visual Studio Version 16
VisualStudioVersion = 16.0.31105.61
MinimumVisualStudioVersion = 10.0.40219.1
Project("{FAE04EC0-301F-11D3-BF4B-00C04F79EFBC}") = "GestioneConti", "GestioneConti\GestioneConti.csproj", "{1462FD4E-9ED8-4229-92A9-B33501C3CAC5}"
EndProject
Global
	GlobalSection(SolutionConfigurationPlatforms) = preSolution
		Debug|Any CPU = Debug|Any CPU
		Release|Any CPU = Release|Any CPU
	EndGlobalSection
	GlobalSection(ProjectConfigurationPlatforms) = postSolution
		{1462FD4E-9ED8-4229-92A9-B33501C3CAC5}.Debug|Any CPU.ActiveCfg = Debug|Any CPU
		{1462FD4E-9ED8-4229-92A9-B33501C3CAC5}.Debug|Any CPU.Build.0 = Debug|Any CPU
		{1462FD4E-9ED8-4229-92A9-B33501C3CAC5}.Release|Any CPU.ActiveCfg = Release|Any CPU
		{1462FD4E-9ED8-4229-92A9-B33501C3CAC5}.Release|Any CPU.Build.0 = Release|Any CPU
	EndGlobalSection
	GlobalSection(SolutionProperties) = preSolution
		HideSolutionNode = FALSE
	EndGlobalSection
	GlobalSection(ExtensibilityGlobals) = postSolution
		SolutionGuid = {E3628DF9-3CC9-4917-BE31-374C29A76CAE}
	EndGlobalSection
EndGlobal
